// !$*UTF8*$!
{
	archiveVersion = 1;
	classes = {
	};
	objectVersion = 56;
	objects = {

/* Begin PBXBuildFile section */
		392181BF2B091DCA0069C66A /* templeViewController.swift in Sources */ = {isa = PBXBuildFile; fileRef = 392181BE2B091DCA0069C66A /* templeViewController.swift */; };
		39875E4A2B07C72E00ECA93A /* AppDelegate.swift in Sources */ = {isa = PBXBuildFile; fileRef = 39875E492B07C72E00ECA93A /* AppDelegate.swift */; };
		39875E4C2B07C72E00ECA93A /* SceneDelegate.swift in Sources */ = {isa = PBXBuildFile; fileRef = 39875E4B2B07C72E00ECA93A /* SceneDelegate.swift */; };
		39875E4E2B07C72E00ECA93A /* ViewController.swift in Sources */ = {isa = PBXBuildFile; fileRef = 39875E4D2B07C72E00ECA93A /* ViewController.swift */; };
		39875E512B07C72E00ECA93A /* Main.storyboard in Resources */ = {isa = PBXBuildFile; fileRef = 39875E4F2B07C72E00ECA93A /* Main.storyboard */; };
		39875E532B07C73100ECA93A /* Assets.xcassets in Resources */ = {isa = PBXBuildFile; fileRef = 39875E522B07C73100ECA93A /* Assets.xcassets */; };
		39875E562B07C73100ECA93A /* LaunchScreen.storyboard in Resources */ = {isa = PBXBuildFile; fileRef = 39875E542B07C73100ECA93A /* LaunchScreen.storyboard */; };
		39875E612B07C73200ECA93A /* TheGoodShepherdTests.swift in Sources */ = {isa = PBXBuildFile; fileRef = 39875E602B07C73200ECA93A /* TheGoodShepherdTests.swift */; };
		39875E6B2B07C73200ECA93A /* TheGoodShepherdUITests.swift in Sources */ = {isa = PBXBuildFile; fileRef = 39875E6A2B07C73200ECA93A /* TheGoodShepherdUITests.swift */; };
		39875E6D2B07C73200ECA93A /* TheGoodShepherdUITestsLaunchTests.swift in Sources */ = {isa = PBXBuildFile; fileRef = 39875E6C2B07C73200ECA93A /* TheGoodShepherdUITestsLaunchTests.swift */; };
/* End PBXBuildFile section */

/* Begin PBXContainerItemProxy section */
		39875E5D2B07C73200ECA93A /* PBXContainerItemProxy */ = {
			isa = PBXContainerItemProxy;
			containerPortal = 39875E3E2B07C72E00ECA93A /* Project object */;
			proxyType = 1;
			remoteGlobalIDString = 39875E452B07C72E00ECA93A;
			remoteInfo = TheGoodShepherd;
		};
		39875E672B07C73200ECA93A /* PBXContainerItemProxy */ = {
			isa = PBXContainerItemProxy;
			containerPortal = 39875E3E2B07C72E00ECA93A /* Project object */;
			proxyType = 1;
			remoteGlobalIDString = 39875E452B07C72E00ECA93A;
			remoteInfo = TheGoodShepherd;
		};
/* End PBXContainerItemProxy section */

/* Begin PBXFileReference section */
		392181BE2B091DCA0069C66A /* templeViewController.swift */ = {isa = PBXFileReference; lastKnownFileType = sourcecode.swift; path = templeViewController.swift; sourceTree = "<group>"; };
		39875E462B07C72E00ECA93A /* TheGoodShepherd.app */ = {isa = PBXFileReference; explicitFileType = wrapper.application; includeInIndex = 0; path = TheGoodShepherd.app; sourceTree = BUILT_PRODUCTS_DIR; };
		39875E492B07C72E00ECA93A /* AppDelegate.swift */ = {isa = PBXFileReference; lastKnownFileType = sourcecode.swift; path = AppDelegate.swift; sourceTree = "<group>"; };
		39875E4B2B07C72E00ECA93A /* SceneDelegate.swift */ = {isa = PBXFileReference; lastKnownFileType = sourcecode.swift; path = SceneDelegate.swift; sourceTree = "<group>"; };
		39875E4D2B07C72E00ECA93A /* ViewController.swift */ = {isa = PBXFileReference; lastKnownFileType = sourcecode.swift; path = ViewController.swift; sourceTree = "<group>"; };
		39875E502B07C72E00ECA93A /* Base */ = {isa = PBXFileReference; lastKnownFileType = file.storyboard; name = Base; path = Base.lproj/Main.storyboard; sourceTree = "<group>"; };
		39875E522B07C73100ECA93A /* Assets.xcassets */ = {isa = PBXFileReference; lastKnownFileType = folder.assetcatalog; path = Assets.xcassets; sourceTree = "<group>"; };
		39875E552B07C73100ECA93A /* Base */ = {isa = PBXFileReference; lastKnownFileType = file.storyboard; name = Base; path = Base.lproj/LaunchScreen.storyboard; sourceTree = "<group>"; };
		39875E572B07C73100ECA93A /* Info.plist */ = {isa = PBXFileReference; lastKnownFileType = text.plist.xml; path = Info.plist; sourceTree = "<group>"; };
		39875E5C2B07C73200ECA93A /* TheGoodShepherdTests.xctest */ = {isa = PBXFileReference; explicitFileType = wrapper.cfbundle; includeInIndex = 0; path = TheGoodShepherdTests.xctest; sourceTree = BUILT_PRODUCTS_DIR; };
		39875E602B07C73200ECA93A /* TheGoodShepherdTests.swift */ = {isa = PBXFileReference; lastKnownFileType = sourcecode.swift; path = TheGoodShepherdTests.swift; sourceTree = "<group>"; };
		39875E662B07C73200ECA93A /* TheGoodShepherdUITests.xctest */ = {isa = PBXFileReference; explicitFileType = wrapper.cfbundle; includeInIndex = 0; path = TheGoodShepherdUITests.xctest; sourceTree = BUILT_PRODUCTS_DIR; };
		39875E6A2B07C73200ECA93A /* TheGoodShepherdUITests.swift */ = {isa = PBXFileReference; lastKnownFileType = sourcecode.swift; path = TheGoodShepherdUITests.swift; sourceTree = "<group>"; };
		39875E6C2B07C73200ECA93A /* TheGoodShepherdUITestsLaunchTests.swift */ = {isa = PBXFileReference; lastKnownFileType = sourcecode.swift; path = TheGoodShepherdUITestsLaunchTests.swift; sourceTree = "<group>"; };
		399627EF2B07CDB800AF79CC /* AppDelegate.swift */ = {isa = PBXFileReference; lastKnownFileType = sourcecode.swift; path = AppDelegate.swift; sourceTree = "<group>"; };
		399627F12B07CDB800AF79CC /* SceneDelegate.swift */ = {isa = PBXFileReference; lastKnownFileType = sourcecode.swift; path = SceneDelegate.swift; sourceTree = "<group>"; };
		399627F32B07CDB800AF79CC /* ViewController.swift */ = {isa = PBXFileReference; lastKnownFileType = sourcecode.swift; path = ViewController.swift; sourceTree = "<group>"; };
		399627F62B07CDB800AF79CC /* Base */ = {isa = PBXFileReference; lastKnownFileType = file.storyboard; name = Base; path = Base.lproj/Main.storyboard; sourceTree = "<group>"; };
		399627F82B07CDBB00AF79CC /* Assets.xcassets */ = {isa = PBXFileReference; lastKnownFileType = folder.assetcatalog; path = Assets.xcassets; sourceTree = "<group>"; };
		399627FB2B07CDBB00AF79CC /* Base */ = {isa = PBXFileReference; lastKnownFileType = file.storyboard; name = Base; path = Base.lproj/LaunchScreen.storyboard; sourceTree = "<group>"; };
		399627FD2B07CDBB00AF79CC /* Info.plist */ = {isa = PBXFileReference; lastKnownFileType = text.plist.xml; path = Info.plist; sourceTree = "<group>"; };
		399628062B07CDBC00AF79CC /* phoneTests.swift */ = {isa = PBXFileReference; lastKnownFileType = sourcecode.swift; path = phoneTests.swift; sourceTree = "<group>"; };
		399628102B07CDBC00AF79CC /* phoneUITests.swift */ = {isa = PBXFileReference; lastKnownFileType = sourcecode.swift; path = phoneUITests.swift; sourceTree = "<group>"; };
		399628122B07CDBC00AF79CC /* phoneUITestsLaunchTests.swift */ = {isa = PBXFileReference; lastKnownFileType = sourcecode.swift; path = phoneUITestsLaunchTests.swift; sourceTree = "<group>"; };
/* End PBXFileReference section */

/* Begin PBXFrameworksBuildPhase section */
		39875E432B07C72E00ECA93A /* Frameworks */ = {
			isa = PBXFrameworksBuildPhase;
			buildActionMask = 2147483647;
			files = (
			);
			runOnlyForDeploymentPostprocessing = 0;
		};
		39875E592B07C73200ECA93A /* Frameworks */ = {
			isa = PBXFrameworksBuildPhase;
			buildActionMask = 2147483647;
			files = (
			);
			runOnlyForDeploymentPostprocessing = 0;
		};
		39875E632B07C73200ECA93A /* Frameworks */ = {
			isa = PBXFrameworksBuildPhase;
			buildActionMask = 2147483647;
			files = (
			);
			runOnlyForDeploymentPostprocessing = 0;
		};
/* End PBXFrameworksBuildPhase section */

/* Begin PBXGroup section */
		39875E3D2B07C72E00ECA93A = {
			isa = PBXGroup;
			children = (
				39875E482B07C72E00ECA93A /* TheGoodShepherd */,
				39875E5F2B07C73200ECA93A /* TheGoodShepherdTests */,
				39875E692B07C73200ECA93A /* TheGoodShepherdUITests */,
				399627EE2B07CDB800AF79CC /* phone */,
				399628052B07CDBC00AF79CC /* phoneTests */,
				3996280F2B07CDBC00AF79CC /* phoneUITests */,
				39875E472B07C72E00ECA93A /* Products */,
			);
			sourceTree = "<group>";
		};
		39875E472B07C72E00ECA93A /* Products */ = {
			isa = PBXGroup;
			children = (
				39875E462B07C72E00ECA93A /* TheGoodShepherd.app */,
				39875E5C2B07C73200ECA93A /* TheGoodShepherdTests.xctest */,
				39875E662B07C73200ECA93A /* TheGoodShepherdUITests.xctest */,
			);
			name = Products;
			sourceTree = "<group>";
		};
		39875E482B07C72E00ECA93A /* TheGoodShepherd */ = {
			isa = PBXGroup;
			children = (
				39875E492B07C72E00ECA93A /* AppDelegate.swift */,
				39875E4B2B07C72E00ECA93A /* SceneDelegate.swift */,
				39875E4D2B07C72E00ECA93A /* ViewController.swift */,
				39875E4F2B07C72E00ECA93A /* Main.storyboard */,
				39875E522B07C73100ECA93A /* Assets.xcassets */,
				39875E542B07C73100ECA93A /* LaunchScreen.storyboard */,
				39875E572B07C73100ECA93A /* Info.plist */,
				392181BE2B091DCA0069C66A /* templeViewController.swift */,
			);
			path = TheGoodShepherd;
			sourceTree = "<group>";
		};
		39875E5F2B07C73200ECA93A /* TheGoodShepherdTests */ = {
			isa = PBXGroup;
			children = (
				39875E602B07C73200ECA93A /* TheGoodShepherdTests.swift */,
			);
			path = TheGoodShepherdTests;
			sourceTree = "<group>";
		};
		39875E692B07C73200ECA93A /* TheGoodShepherdUITests */ = {
			isa = PBXGroup;
			children = (
				39875E6A2B07C73200ECA93A /* TheGoodShepherdUITests.swift */,
				39875E6C2B07C73200ECA93A /* TheGoodShepherdUITestsLaunchTests.swift */,
			);
			path = TheGoodShepherdUITests;
			sourceTree = "<group>";
		};
		399627EE2B07CDB800AF79CC /* phone */ = {
			isa = PBXGroup;
			children = (
				399627EF2B07CDB800AF79CC /* AppDelegate.swift */,
				399627F12B07CDB800AF79CC /* SceneDelegate.swift */,
				399627F32B07CDB800AF79CC /* ViewController.swift */,
				399627F52B07CDB800AF79CC /* Main.storyboard */,
				399627F82B07CDBB00AF79CC /* Assets.xcassets */,
				399627FA2B07CDBB00AF79CC /* LaunchScreen.storyboard */,
				399627FD2B07CDBB00AF79CC /* Info.plist */,
			);
			path = phone;
			sourceTree = "<group>";
		};
		399628052B07CDBC00AF79CC /* phoneTests */ = {
			isa = PBXGroup;
			children = (
				399628062B07CDBC00AF79CC /* phoneTests.swift */,
			);
			path = phoneTests;
			sourceTree = "<group>";
		};
		3996280F2B07CDBC00AF79CC /* phoneUITests */ = {
			isa = PBXGroup;
			children = (
				399628102B07CDBC00AF79CC /* phoneUITests.swift */,
				399628122B07CDBC00AF79CC /* phoneUITestsLaunchTests.swift */,
			);
			path = phoneUITests;
			sourceTree = "<group>";
		};
/* End PBXGroup section */

/* Begin PBXNativeTarget section */
		39875E452B07C72E00ECA93A /* TheGoodShepherd */ = {
			isa = PBXNativeTarget;
			buildConfigurationList = 39875E702B07C73200ECA93A /* Build configuration list for PBXNativeTarget "TheGoodShepherd" */;
			buildPhases = (
				39875E422B07C72E00ECA93A /* Sources */,
				39875E432B07C72E00ECA93A /* Frameworks */,
				39875E442B07C72E00ECA93A /* Resources */,
			);
			buildRules = (
			);
			dependencies = (
			);
			name = TheGoodShepherd;
			productName = TheGoodShepherd;
			productReference = 39875E462B07C72E00ECA93A /* TheGoodShepherd.app */;
			productType = "com.apple.product-type.application";
		};
		39875E5B2B07C73200ECA93A /* TheGoodShepherdTests */ = {
			isa = PBXNativeTarget;
			buildConfigurationList = 39875E732B07C73200ECA93A /* Build configuration list for PBXNativeTarget "TheGoodShepherdTests" */;
			buildPhases = (
				39875E582B07C73200ECA93A /* Sources */,
				39875E592B07C73200ECA93A /* Frameworks */,
				39875E5A2B07C73200ECA93A /* Resources */,
			);
			buildRules = (
			);
			dependencies = (
				39875E5E2B07C73200ECA93A /* PBXTargetDependency */,
			);
			name = TheGoodShepherdTests;
			productName = TheGoodShepherdTests;
			productReference = 39875E5C2B07C73200ECA93A /* TheGoodShepherdTests.xctest */;
			productType = "com.apple.product-type.bundle.unit-test";
		};
		39875E652B07C73200ECA93A /* TheGoodShepherdUITests */ = {
			isa = PBXNativeTarget;
			buildConfigurationList = 39875E762B07C73200ECA93A /* Build configuration list for PBXNativeTarget "TheGoodShepherdUITests" */;
			buildPhases = (
				39875E622B07C73200ECA93A /* Sources */,
				39875E632B07C73200ECA93A /* Frameworks */,
				39875E642B07C73200ECA93A /* Resources */,
			);
			buildRules = (
			);
			dependencies = (
				39875E682B07C73200ECA93A /* PBXTargetDependency */,
			);
			name = TheGoodShepherdUITests;
			productName = TheGoodShepherdUITests;
			productReference = 39875E662B07C73200ECA93A /* TheGoodShepherdUITests.xctest */;
			productType = "com.apple.product-type.bundle.ui-testing";
		};
/* End PBXNativeTarget section */

/* Begin PBXProject section */
		39875E3E2B07C72E00ECA93A /* Project object */ = {
			isa = PBXProject;
			attributes = {
				BuildIndependentTargetsInParallel = 1;
				LastSwiftUpdateCheck = 1500;
				LastUpgradeCheck = 1500;
				TargetAttributes = {
					39875E452B07C72E00ECA93A = {
						CreatedOnToolsVersion = 15.0.1;
					};
					39875E5B2B07C73200ECA93A = {
						CreatedOnToolsVersion = 15.0.1;
						TestTargetID = 39875E452B07C72E00ECA93A;
					};
					39875E652B07C73200ECA93A = {
						CreatedOnToolsVersion = 15.0.1;
						TestTargetID = 39875E452B07C72E00ECA93A;
					};
				};
			};
			buildConfigurationList = 39875E412B07C72E00ECA93A /* Build configuration list for PBXProject "TheGoodShepherd" */;
			compatibilityVersion = "Xcode 14.0";
			developmentRegion = en;
			hasScannedForEncodings = 0;
			knownRegions = (
				en,
				Base,
			);
			mainGroup = 39875E3D2B07C72E00ECA93A;
			productRefGroup = 39875E472B07C72E00ECA93A /* Products */;
			projectDirPath = "";
			projectRoot = "";
			targets = (
				39875E452B07C72E00ECA93A /* TheGoodShepherd */,
				39875E5B2B07C73200ECA93A /* TheGoodShepherdTests */,
				39875E652B07C73200ECA93A /* TheGoodShepherdUITests */,
			);
		};
/* End PBXProject section */

/* Begin PBXResourcesBuildPhase section */
		39875E442B07C72E00ECA93A /* Resources */ = {
			isa = PBXResourcesBuildPhase;
			buildActionMask = 2147483647;
			files = (
				39875E562B07C73100ECA93A /* LaunchScreen.storyboard in Resources */,
				39875E532B07C73100ECA93A /* Assets.xcassets in Resources */,
				39875E512B07C72E00ECA93A /* Main.storyboard in Resources */,
			);
			runOnlyForDeploymentPostprocessing = 0;
		};
		39875E5A2B07C73200ECA93A /* Resources */ = {
			isa = PBXResourcesBuildPhase;
			buildActionMask = 2147483647;
			files = (
			);
			runOnlyForDeploymentPostprocessing = 0;
		};
		39875E642B07C73200ECA93A /* Resources */ = {
			isa = PBXResourcesBuildPhase;
			buildActionMask = 2147483647;
			files = (
			);
			runOnlyForDeploymentPostprocessing = 0;
		};
/* End PBXResourcesBuildPhase section */

/* Begin PBXSourcesBuildPhase section */
		39875E422B07C72E00ECA93A /* Sources */ = {
			isa = PBXSourcesBuildPhase;
			buildActionMask = 2147483647;
			files = (
				39875E4E2B07C72E00ECA93A /* ViewController.swift in Sources */,
				39875E4A2B07C72E00ECA93A /* AppDelegate.swift in Sources */,
				39875E4C2B07C72E00ECA93A /* SceneDelegate.swift in Sources */,
				392181BF2B091DCA0069C66A /* templeViewController.swift in Sources */,
			);
			runOnlyForDeploymentPostprocessing = 0;
		};
		39875E582B07C73200ECA93A /* Sources */ = {
			isa = PBXSourcesBuildPhase;
			buildActionMask = 2147483647;
			files = (
				39875E612B07C73200ECA93A /* TheGoodShepherdTests.swift in Sources */,
			);
			runOnlyForDeploymentPostprocessing = 0;
		};
		39875E622B07C73200ECA93A /* Sources */ = {
			isa = PBXSourcesBuildPhase;
			buildActionMask = 2147483647;
			files = (
				39875E6D2B07C73200ECA93A /* TheGoodShepherdUITestsLaunchTests.swift in Sources */,
				39875E6B2B07C73200ECA93A /* TheGoodShepherdUITests.swift in Sources */,
			);
			runOnlyForDeploymentPostprocessing = 0;
		};
/* End PBXSourcesBuildPhase section */

/* Begin PBXTargetDependency section */
		39875E5E2B07C73200ECA93A /* PBXTargetDependency */ = {
			isa = PBXTargetDependency;
			target = 39875E452B07C72E00ECA93A /* TheGoodShepherd */;
			targetProxy = 39875E5D2B07C73200ECA93A /* PBXContainerItemProxy */;
		};
		39875E682B07C73200ECA93A /* PBXTargetDependency */ = {
			isa = PBXTargetDependency;
			target = 39875E452B07C72E00ECA93A /* TheGoodShepherd */;
			targetProxy = 39875E672B07C73200ECA93A /* PBXContainerItemProxy */;
		};
/* End PBXTargetDependency section */

/* Begin PBXVariantGroup section */
		39875E4F2B07C72E00ECA93A /* Main.storyboard */ = {
			isa = PBXVariantGroup;
			children = (
				39875E502B07C72E00ECA93A /* Base */,
			);
			name = Main.storyboard;
			sourceTree = "<group>";
		};
		39875E542B07C73100ECA93A /* LaunchScreen.storyboard */ = {
			isa = PBXVariantGroup;
			children = (
				39875E552B07C73100ECA93A /* Base */,
			);
			name = LaunchScreen.storyboard;
			sourceTree = "<group>";
		};
		399627F52B07CDB800AF79CC /* Main.storyboard */ = {
			isa = PBXVariantGroup;
			children = (
				399627F62B07CDB800AF79CC /* Base */,
			);
			name = Main.storyboard;
			sourceTree = "<group>";
		};
		399627FA2B07CDBB00AF79CC /* LaunchScreen.storyboard */ = {
			isa = PBXVariantGroup;
			children = (
				399627FB2B07CDBB00AF79CC /* Base */,
			);
			name = LaunchScreen.storyboard;
			sourceTree = "<group>";
		};
/* End PBXVariantGroup section */

/* Begin XCBuildConfiguration section */
		39875E6E2B07C73200ECA93A /* Debug */ = {
			isa = XCBuildConfiguration;
			buildSettings = {
				ALWAYS_SEARCH_USER_PATHS = NO;
				ASSETCATALOG_COMPILER_GENERATE_SWIFT_ASSET_SYMBOL_EXTENSIONS = YES;
				CLANG_ANALYZER_NONNULL = YES;
				CLANG_ANALYZER_NUMBER_OBJECT_CONVERSION = YES_AGGRESSIVE;
				CLANG_CXX_LANGUAGE_STANDARD = "gnu++20";
				CLANG_ENABLE_MODULES = YES;
				CLANG_ENABLE_OBJC_ARC = YES;
				CLANG_ENABLE_OBJC_WEAK = YES;
				CLANG_WARN_BLOCK_CAPTURE_AUTORELEASING = YES;
				CLANG_WARN_BOOL_CONVERSION = YES;
				CLANG_WARN_COMMA = YES;
				CLANG_WARN_CONSTANT_CONVERSION = YES;
				CLANG_WARN_DEPRECATED_OBJC_IMPLEMENTATIONS = YES;
				CLANG_WARN_DIRECT_OBJC_ISA_USAGE = YES_ERROR;
				CLANG_WARN_DOCUMENTATION_COMMENTS = YES;
				CLANG_WARN_EMPTY_BODY = YES;
				CLANG_WARN_ENUM_CONVERSION = YES;
				CLANG_WARN_INFINITE_RECURSION = YES;
				CLANG_WARN_INT_CONVERSION = YES;
				CLANG_WARN_NON_LITERAL_NULL_CONVERSION = YES;
				CLANG_WARN_OBJC_IMPLICIT_RETAIN_SELF = YES;
				CLANG_WARN_OBJC_LITERAL_CONVERSION = YES;
				CLANG_WARN_OBJC_ROOT_CLASS = YES_ERROR;
				CLANG_WARN_QUOTED_INCLUDE_IN_FRAMEWORK_HEADER = YES;
				CLANG_WARN_RANGE_LOOP_ANALYSIS = YES;
				CLANG_WARN_STRICT_PROTOTYPES = YES;
				CLANG_WARN_SUSPICIOUS_MOVE = YES;
				CLANG_WARN_UNGUARDED_AVAILABILITY = YES_AGGRESSIVE;
				CLANG_WARN_UNREACHABLE_CODE = YES;
				CLANG_WARN__DUPLICATE_METHOD_MATCH = YES;
				COPY_PHASE_STRIP = NO;
				DEBUG_INFORMATION_FORMAT = dwarf;
				ENABLE_STRICT_OBJC_MSGSEND = YES;
				ENABLE_TESTABILITY = YES;
				ENABLE_USER_SCRIPT_SANDBOXING = YES;
				GCC_C_LANGUAGE_STANDARD = gnu17;
				GCC_DYNAMIC_NO_PIC = NO;
				GCC_NO_COMMON_BLOCKS = YES;
				GCC_OPTIMIZATION_LEVEL = 0;
				GCC_PREPROCESSOR_DEFINITIONS = (
					"DEBUG=1",
					"$(inherited)",
				);
				GCC_WARN_64_TO_32_BIT_CONVERSION = YES;
				GCC_WARN_ABOUT_RETURN_TYPE = YES_ERROR;
				GCC_WARN_UNDECLARED_SELECTOR = YES;
				GCC_WARN_UNINITIALIZED_AUTOS = YES_AGGRESSIVE;
				GCC_WARN_UNUSED_FUNCTION = YES;
				GCC_WARN_UNUSED_VARIABLE = YES;
				IPHONEOS_DEPLOYMENT_TARGET = 16.6.1;
				LOCALIZATION_PREFERS_STRING_CATALOGS = YES;
				MTL_ENABLE_DEBUG_INFO = INCLUDE_SOURCE;
				MTL_FAST_MATH = YES;
				ONLY_ACTIVE_ARCH = YES;
				SDKROOT = iphoneos;
				SWIFT_ACTIVE_COMPILATION_CONDITIONS = "DEBUG $(inherited)";
				SWIFT_OPTIMIZATION_LEVEL = "-Onone";
			};
			name = Debug;
		};
		39875E6F2B07C73200ECA93A /* Release */ = {
			isa = XCBuildConfiguration;
			buildSettings = {
				ALWAYS_SEARCH_USER_PATHS = NO;
				ASSETCATALOG_COMPILER_GENERATE_SWIFT_ASSET_SYMBOL_EXTENSIONS = YES;
				CLANG_ANALYZER_NONNULL = YES;
				CLANG_ANALYZER_NUMBER_OBJECT_CONVERSION = YES_AGGRESSIVE;
				CLANG_CXX_LANGUAGE_STANDARD = "gnu++20";
				CLANG_ENABLE_MODULES = YES;
				CLANG_ENABLE_OBJC_ARC = YES;
				CLANG_ENABLE_OBJC_WEAK = YES;
				CLANG_WARN_BLOCK_CAPTURE_AUTORELEASING = YES;
				CLANG_WARN_BOOL_CONVERSION = YES;
				CLANG_WARN_COMMA = YES;
				CLANG_WARN_CONSTANT_CONVERSION = YES;
				CLANG_WARN_DEPRECATED_OBJC_IMPLEMENTATIONS = YES;
				CLANG_WARN_DIRECT_OBJC_ISA_USAGE = YES_ERROR;
				CLANG_WARN_DOCUMENTATION_COMMENTS = YES;
				CLANG_WARN_EMPTY_BODY = YES;
				CLANG_WARN_ENUM_CONVERSION = YES;
				CLANG_WARN_INFINITE_RECURSION = YES;
				CLANG_WARN_INT_CONVERSION = YES;
				CLANG_WARN_NON_LITERAL_NULL_CONVERSION = YES;
				CLANG_WARN_OBJC_IMPLICIT_RETAIN_SELF = YES;
				CLANG_WARN_OBJC_LITERAL_CONVERSION = YES;
				CLANG_WARN_OBJC_ROOT_CLASS = YES_ERROR;
				CLANG_WARN_QUOTED_INCLUDE_IN_FRAMEWORK_HEADER = YES;
				CLANG_WARN_RANGE_LOOP_ANALYSIS = YES;
				CLANG_WARN_STRICT_PROTOTYPES = YES;
				CLANG_WARN_SUSPICIOUS_MOVE = YES;
				CLANG_WARN_UNGUARDED_AVAILABILITY = YES_AGGRESSIVE;
				CLANG_WARN_UNREACHABLE_CODE = YES;
				CLANG_WARN__DUPLICATE_METHOD_MATCH = YES;
				COPY_PHASE_STRIP = NO;
				DEBUG_INFORMATION_FORMAT = "dwarf-with-dsym";
				ENABLE_NS_ASSERTIONS = NO;
				ENABLE_STRICT_OBJC_MSGSEND = YES;
				ENABLE_USER_SCRIPT_SANDBOXING = YES;
				GCC_C_LANGUAGE_STANDARD = gnu17;
				GCC_NO_COMMON_BLOCKS = YES;
				GCC_WARN_64_TO_32_BIT_CONVERSION = YES;
				GCC_WARN_ABOUT_RETURN_TYPE = YES_ERROR;
				GCC_WARN_UNDECLARED_SELECTOR = YES;
				GCC_WARN_UNINITIALIZED_AUTOS = YES_AGGRESSIVE;
				GCC_WARN_UNUSED_FUNCTION = YES;
				GCC_WARN_UNUSED_VARIABLE = YES;
				IPHONEOS_DEPLOYMENT_TARGET = 16.6.1;
				LOCALIZATION_PREFERS_STRING_CATALOGS = YES;
				MTL_ENABLE_DEBUG_INFO = NO;
				MTL_FAST_MATH = YES;
				SDKROOT = iphoneos;
				SWIFT_COMPILATION_MODE = wholemodule;
				VALIDATE_PRODUCT = YES;
			};
			name = Release;
		};
		39875E712B07C73200ECA93A /* Debug */ = {
			isa = XCBuildConfiguration;
			buildSettings = {
				ASSETCATALOG_COMPILER_APPICON_NAME = AppIcon;
				ASSETCATALOG_COMPILER_GLOBAL_ACCENT_COLOR_NAME = AccentColor;
				CODE_SIGN_STYLE = Automatic;
				CURRENT_PROJECT_VERSION = 1;
				DEVELOPMENT_TEAM = RV8UD4KFKA;
				GENERATE_INFOPLIST_FILE = YES;
				INFOPLIST_FILE = TheGoodShepherd/Info.plist;
				INFOPLIST_KEY_UIApplicationSupportsIndirectInputEvents = YES;
				INFOPLIST_KEY_UILaunchStoryboardName = LaunchScreen;
				INFOPLIST_KEY_UIMainStoryboardFile = Main;
				INFOPLIST_KEY_UISupportedInterfaceOrientations_iPad = "UIInterfaceOrientationPortrait UIInterfaceOrientationPortraitUpsideDown UIInterfaceOrientationLandscapeLeft UIInterfaceOrientationLandscapeRight";
				INFOPLIST_KEY_UISupportedInterfaceOrientations_iPhone = "UIInterfaceOrientationPortrait UIInterfaceOrientationLandscapeLeft UIInterfaceOrientationLandscapeRight";
				IPHONEOS_DEPLOYMENT_TARGET = 16.6.1;
				LD_RUNPATH_SEARCH_PATHS = (
					"$(inherited)",
					"@executable_path/Frameworks",
				);
				MARKETING_VERSION = 1.0;
				PRODUCT_BUNDLE_IDENTIFIER = me.TheGoodShepherd;
				PRODUCT_NAME = "$(TARGET_NAME)";
				SWIFT_EMIT_LOC_STRINGS = YES;
				SWIFT_VERSION = 5.0;
				TARGETED_DEVICE_FAMILY = "1,2";
			};
			name = Debug;
		};
		39875E722B07C73200ECA93A /* Release */ = {
			isa = XCBuildConfiguration;
			buildSettings = {
				ASSETCATALOG_COMPILER_APPICON_NAME = AppIcon;
				ASSETCATALOG_COMPILER_GLOBAL_ACCENT_COLOR_NAME = AccentColor;
				CODE_SIGN_STYLE = Automatic;
				CURRENT_PROJECT_VERSION = 1;
				DEVELOPMENT_TEAM = RV8UD4KFKA;
				GENERATE_INFOPLIST_FILE = YES;
				INFOPLIST_FILE = TheGoodShepherd/Info.plist;
				INFOPLIST_KEY_UIApplicationSupportsIndirectInputEvents = YES;
				INFOPLIST_KEY_UILaunchStoryboardName = LaunchScreen;
				INFOPLIST_KEY_UIMainStoryboardFile = Main;
				INFOPLIST_KEY_UISupportedInterfaceOrientations_iPad = "UIInterfaceOrientationPortrait UIInterfaceOrientationPortraitUpsideDown UIInterfaceOrientationLandscapeLeft UIInterfaceOrientationLandscapeRight";
				INFOPLIST_KEY_UISupportedInterfaceOrientations_iPhone = "UIInterfaceOrientationPortrait UIInterfaceOrientationLandscapeLeft UIInterfaceOrientationLandscapeRight";
				IPHONEOS_DEPLOYMENT_TARGET = 16.6.1;
				LD_RUNPATH_SEARCH_PATHS = (
					"$(inherited)",
					"@executable_path/Frameworks",
				);
				MARKETING_VERSION = 1.0;
				PRODUCT_BUNDLE_IDENTIFIER = me.TheGoodShepherd;
				PRODUCT_NAME = "$(TARGET_NAME)";
				SWIFT_EMIT_LOC_STRINGS = YES;
				SWIFT_VERSION = 5.0;
				TARGETED_DEVICE_FAMILY = "1,2";
			};
			name = Release;
		};
		39875E742B07C73200ECA93A /* Debug */ = {
			isa = XCBuildConfiguration;
			buildSettings = {
				ALWAYS_EMBED_SWIFT_STANDARD_LIBRARIES = YES;
				BUNDLE_LOADER = "$(TEST_HOST)";
				CODE_SIGN_STYLE = Automatic;
				CURRENT_PROJECT_VERSION = 1;
				DEVELOPMENT_TEAM = RV8UD4KFKA;
				GENERATE_INFOPLIST_FILE = YES;
				IPHONEOS_DEPLOYMENT_TARGET = 16.6.1;
				MARKETING_VERSION = 1.0;
				PRODUCT_BUNDLE_IDENTIFIER = me.TheGoodShepherdTests;
				PRODUCT_NAME = "$(TARGET_NAME)";
				SWIFT_EMIT_LOC_STRINGS = NO;
				SWIFT_VERSION = 5.0;
				TARGETED_DEVICE_FAMILY = "1,2";
				TEST_HOST = "$(BUILT_PRODUCTS_DIR)/TheGoodShepherd.app/$(BUNDLE_EXECUTABLE_FOLDER_PATH)/TheGoodShepherd";
			};
			name = Debug;
		};
		39875E752B07C73200ECA93A /* Release */ = {
			isa = XCBuildConfiguration;
			buildSettings = {
				ALWAYS_EMBED_SWIFT_STANDARD_LIBRARIES = YES;
				BUNDLE_LOADER = "$(TEST_HOST)";
				CODE_SIGN_STYLE = Automatic;
				CURRENT_PROJECT_VERSION = 1;
				DEVELOPMENT_TEAM = RV8UD4KFKA;
				GENERATE_INFOPLIST_FILE = YES;
				IPHONEOS_DEPLOYMENT_TARGET = 16.6.1;
				MARKETING_VERSION = 1.0;
				PRODUCT_BUNDLE_IDENTIFIER = me.TheGoodShepherdTests;
				PRODUCT_NAME = "$(TARGET_NAME)";
				SWIFT_EMIT_LOC_STRINGS = NO;
				SWIFT_VERSION = 5.0;
				TARGETED_DEVICE_FAMILY = "1,2";
				TEST_HOST = "$(BUILT_PRODUCTS_DIR)/TheGoodShepherd.app/$(BUNDLE_EXECUTABLE_FOLDER_PATH)/TheGoodShepherd";
			};
			name = Release;
		};
		39875E772B07C73200ECA93A /* Debug */ = {
			isa = XCBuildConfiguration;
			buildSettings = {
				ALWAYS_EMBED_SWIFT_STANDARD_LIBRARIES = YES;
				CODE_SIGN_STYLE = Automatic;
				CURRENT_PROJECT_VERSION = 1;
				DEVELOPMENT_TEAM = RV8UD4KFKA;
				GENERATE_INFOPLIST_FILE = YES;
				IPHONEOS_DEPLOYMENT_TARGET = 16.6.1;
				MARKETING_VERSION = 1.0;
				PRODUCT_BUNDLE_IDENTIFIER = me.TheGoodShepherdUITests;
				PRODUCT_NAME = "$(TARGET_NAME)";
				SWIFT_EMIT_LOC_STRINGS = NO;
				SWIFT_VERSION = 5.0;
				TARGETED_DEVICE_FAMILY = "1,2";
				TEST_TARGET_NAME = TheGoodShepherd;
			};
			name = Debug;
		};
		39875E782B07C73200ECA93A /* Release */ = {
			isa = XCBuildConfiguration;
			buildSettings = {
				ALWAYS_EMBED_SWIFT_STANDARD_LIBRARIES = YES;
				CODE_SIGN_STYLE = Automatic;
				CURRENT_PROJECT_VERSION = 1;
				DEVELOPMENT_TEAM = RV8UD4KFKA;
				GENERATE_INFOPLIST_FILE = YES;
				IPHONEOS_DEPLOYMENT_TARGET = 16.6.1;
				MARKETING_VERSION = 1.0;
				PRODUCT_BUNDLE_IDENTIFIER = me.TheGoodShepherdUITests;
				PRODUCT_NAME = "$(TARGET_NAME)";
				SWIFT_EMIT_LOC_STRINGS = NO;
				SWIFT_VERSION = 5.0;
				TARGETED_DEVICE_FAMILY = "1,2";
				TEST_TARGET_NAME = TheGoodShepherd;
			};
			name = Release;
		};
/* End XCBuildConfiguration section */

/* Begin XCConfigurationList section */
		39875E412B07C72E00ECA93A /* Build configuration list for PBXProject "TheGoodShepherd" */ = {
			isa = XCConfigurationList;
			buildConfigurations = (
				39875E6E2B07C73200ECA93A /* Debug */,
				39875E6F2B07C73200ECA93A /* Release */,
			);
			defaultConfigurationIsVisible = 0;
			defaultConfigurationName = Release;
		};
		39875E702B07C73200ECA93A /* Build configuration list for PBXNativeTarget "TheGoodShepherd" */ = {
			isa = XCConfigurationList;
			buildConfigurations = (
				39875E712B07C73200ECA93A /* Debug */,
				39875E722B07C73200ECA93A /* Release */,
			);
			defaultConfigurationIsVisible = 0;
			defaultConfigurationName = Release;
		};
		39875E732B07C73200ECA93A /* Build configuration list for PBXNativeTarget "TheGoodShepherdTests" */ = {
			isa = XCConfigurationList;
			buildConfigurations = (
				39875E742B07C73200ECA93A /* Debug */,
				39875E752B07C73200ECA93A /* Release */,
			);
			defaultConfigurationIsVisible = 0;
			defaultConfigurationName = Release;
		};
		39875E762B07C73200ECA93A /* Build configuration list for PBXNativeTarget "TheGoodShepherdUITests" */ = {
			isa = XCConfigurationList;
			buildConfigurations = (
				39875E772B07C73200ECA93A /* Debug */,
				39875E782B07C73200ECA93A /* Release */,
			);
			defaultConfigurationIsVisible = 0;
			defaultConfigurationName = Release;
		};
/* End XCConfigurationList section */
	};
	rootObject = 39875E3E2B07C72E00ECA93A /* Project object */;
}
